
Microsoft Visual Studio Solution File, Format Version 12.00
# Visual Studio 14
VisualStudioVersion = 14.0.25420.1
MinimumVisualStudioVersion = 10.0.40219.1
Project("{FAE04EC0-301F-11D3-BF4B-00C04F79EFBC}") = "Autonoa.Solucion.Model", "Autonoa.Solucion.Model\Autonoa.Solucion.Model.csproj", "{D6B13564-EB8B-4039-AFF2-0C318F5941BC}"
EndProject
Project("{FAE04EC0-301F-11D3-BF4B-00C04F79EFBC}") = "Autonoa.Solucion.Data", "Autonoa.Solucion.Data\Autonoa.Solucion.Data.csproj", "{3DF34EEA-ABF4-4FEC-82FC-203B13DDCEC8}"
EndProject
Project("{FAE04EC0-301F-11D3-BF4B-00C04F79EFBC}") = "Autonoa.Solucion.ILogica", "Autonoa.Solucion.ILogica\Autonoa.Solucion.ILogica.csproj", "{4415DAFF-761A-403E-9F06-5AAB630BEDFA}"
EndProject
Project("{FAE04EC0-301F-11D3-BF4B-00C04F79EFBC}") = "Autonoa.Solucioon.Logica", "Autonoa.Solucioon.Logica\Autonoa.Solucioon.Logica.csproj", "{1148EAFA-42DD-4EF6-BDF7-6FE13C4E2590}"
EndProject
Project("{FAE04EC0-301F-11D3-BF4B-00C04F79EFBC}") = "Autonoa.Solucion.WebUI", "Autonoa.Solucion.WebUI\Autonoa.Solucion.WebUI.csproj", "{A0BC1AC2-9BBC-48F4-A47F-4BAC1B8BFA07}"
EndProject
Project("{2150E333-8FDC-42A3-9474-1A3956D46DE8}") = "Script", "Script", "{2749EEC1-1DB0-441B-8667-E72B6B0A27E9}"
	ProjectSection(SolutionItems) = preProject
		..\Autonoa\script.sql = ..\Autonoa\script.sql
	EndProjectSection
EndProject
Project("{FAE04EC0-301F-11D3-BF4B-00C04F79EFBC}") = "Autonoa.Solucion.Test", "Autonoa.Solucion.Test\Autonoa.Solucion.Test.csproj", "{A1424463-C0D9-4F18-AB1D-2CC1D5ABA3FA}"
EndProject
Global
	GlobalSection(SolutionConfigurationPlatforms) = preSolution
		Debug|Any CPU = Debug|Any CPU
		Release|Any CPU = Release|Any CPU
	EndGlobalSection
	GlobalSection(ProjectConfigurationPlatforms) = postSolution
		{D6B13564-EB8B-4039-AFF2-0C318F5941BC}.Debug|Any CPU.ActiveCfg = Debug|Any CPU
		{D6B13564-EB8B-4039-AFF2-0C318F5941BC}.Debug|Any CPU.Build.0 = Debug|Any CPU
		{D6B13564-EB8B-4039-AFF2-0C318F5941BC}.Release|Any CPU.ActiveCfg = Release|Any CPU
		{D6B13564-EB8B-4039-AFF2-0C318F5941BC}.Release|Any CPU.Build.0 = Release|Any CPU
		{3DF34EEA-ABF4-4FEC-82FC-203B13DDCEC8}.Debug|Any CPU.ActiveCfg = Debug|Any CPU
		{3DF34EEA-ABF4-4FEC-82FC-203B13DDCEC8}.Debug|Any CPU.Build.0 = Debug|Any CPU
		{3DF34EEA-ABF4-4FEC-82FC-203B13DDCEC8}.Release|Any CPU.ActiveCfg = Release|Any CPU
		{3DF34EEA-ABF4-4FEC-82FC-203B13DDCEC8}.Release|Any CPU.Build.0 = Release|Any CPU
		{4415DAFF-761A-403E-9F06-5AAB630BEDFA}.Debug|Any CPU.ActiveCfg = Debug|Any CPU
		{4415DAFF-761A-403E-9F06-5AAB630BEDFA}.Debug|Any CPU.Build.0 = Debug|Any CPU
		{4415DAFF-761A-403E-9F06-5AAB630BEDFA}.Release|Any CPU.ActiveCfg = Release|Any CPU
		{4415DAFF-761A-403E-9F06-5AAB630BEDFA}.Release|Any CPU.Build.0 = Release|Any CPU
		{1148EAFA-42DD-4EF6-BDF7-6FE13C4E2590}.Debug|Any CPU.ActiveCfg = Debug|Any CPU
		{1148EAFA-42DD-4EF6-BDF7-6FE13C4E2590}.Debug|Any CPU.Build.0 = Debug|Any CPU
		{1148EAFA-42DD-4EF6-BDF7-6FE13C4E2590}.Release|Any CPU.ActiveCfg = Release|Any CPU
		{1148EAFA-42DD-4EF6-BDF7-6FE13C4E2590}.Release|Any CPU.Build.0 = Release|Any CPU
		{A0BC1AC2-9BBC-48F4-A47F-4BAC1B8BFA07}.Debug|Any CPU.ActiveCfg = Debug|Any CPU
		{A0BC1AC2-9BBC-48F4-A47F-4BAC1B8BFA07}.Debug|Any CPU.Build.0 = Debug|Any CPU
		{A0BC1AC2-9BBC-48F4-A47F-4BAC1B8BFA07}.Release|Any CPU.ActiveCfg = Release|Any CPU
		{A0BC1AC2-9BBC-48F4-A47F-4BAC1B8BFA07}.Release|Any CPU.Build.0 = Release|Any CPU
		{A1424463-C0D9-4F18-AB1D-2CC1D5ABA3FA}.Debug|Any CPU.ActiveCfg = Debug|Any CPU
		{A1424463-C0D9-4F18-AB1D-2CC1D5ABA3FA}.Debug|Any CPU.Build.0 = Debug|Any CPU
		{A1424463-C0D9-4F18-AB1D-2CC1D5ABA3FA}.Release|Any CPU.ActiveCfg = Release|Any CPU
		{A1424463-C0D9-4F18-AB1D-2CC1D5ABA3FA}.Release|Any CPU.Build.0 = Release|Any CPU
	EndGlobalSection
	GlobalSection(SolutionProperties) = preSolution
		HideSolutionNode = FALSE
	EndGlobalSection
EndGlobal
